{
  "version": 4,
  "terraform_version": "1.12.2",
  "serial": 55,
  "lineage": "35d3fcd8-7002-886e-616a-0d7f7ce2d1e3",
  "outputs": {},
  "resources": [
    {
      "module": "module.cognito",
      "mode": "data",
      "type": "archive_file",
      "name": "create_auth_lambda",
      "provider": "provider[\"registry.terraform.io/hashicorp/archive\"]",
      "instances": [
        {
          "schema_version": 0,
          "attributes": {
            "exclude_symlink_directories": null,
            "excludes": null,
            "id": "1d79d5b1ace9f8ff8c78dad26536022044e4009b",
            "output_base64sha256": "lJm+IpidOM0LfnPbYfyKewyg4SdfuVeGffWUxj30W3U=",
            "output_base64sha512": "QIDYGbU+EnhCj/YleG/Be6aKWiGhlbnOktJ0Fi5gn9YPnwGp5r3lf84XIQcW4cP1sQK3P+eUNDkh3iWrKGS5Mg==",
            "output_file_mode": null,
            "output_md5": "1165d71d52f1166d82921e6e9b3c2b88",
            "output_path": "./lambda_archives/create_auth_lambda.zip",
            "output_sha": "1d79d5b1ace9f8ff8c78dad26536022044e4009b",
            "output_sha256": "9499be22989d38cd0b7e73db61fc8a7b0ca0e1275fb957867df594c63df45b75",
            "output_sha512": "4080d819b53e1278428ff625786fc17ba68a5a21a195b9ce92d274162e609fd60f9f01a9e6bde57fce17210716e1c3f5b102b73fe794343921de25ab2864b932",
            "output_size": 738,
            "source": [],
            "source_content": null,
            "source_content_filename": null,
            "source_dir": null,
            "source_file": "./Cognito/create_auth_lambda.py",
            "type": "zip"
          },
          "sensitive_attributes": [],
          "identity_schema_version": 0
        }
      ]
    },
    {
      "module": "module.cognito",
      "mode": "data",
      "type": "archive_file",
      "name": "define_auth_lambda",
      "provider": "provider[\"registry.terraform.io/hashicorp/archive\"]",
      "instances": [
        {
          "schema_version": 0,
          "attributes": {
            "exclude_symlink_directories": null,
            "excludes": null,
            "id": "2f450b759d1c115caa93a1615364bb3e95685dfa",
            "output_base64sha256": "w8GJE4Kn8GcZCV0WAiW7GicW0eZEKh0d6XHB+6lFZag=",
            "output_base64sha512": "PYZVSfz+Dvoqnbuq0wiUImJvrfQFLlZgHsDMiY7GSre3tB+UneDHCJjeJf3c1TUI9CBob1IFQt5ckBqxUOI4tA==",
            "output_file_mode": null,
            "output_md5": "5f7690955ed8c9ae7285fcf94e11a52b",
            "output_path": "./lambda_archives/define_auth_lambda.zip",
            "output_sha": "2f450b759d1c115caa93a1615364bb3e95685dfa",
            "output_sha256": "c3c1891382a7f06719095d160225bb1a2716d1e6442a1d1de971c1fba94565a8",
            "output_sha512": "3d865549fcfe0efa2a9dbbaad3089422626fadf4052e56601ec0cc898ec64ab7b7b41f949de0c70898de25fddcd53508f420686f520542de5c901ab150e238b4",
            "output_size": 374,
            "source": [],
            "source_content": null,
            "source_content_filename": null,
            "source_dir": null,
            "source_file": "./Cognito/define_auth_lambda.py",
            "type": "zip"
          },
          "sensitive_attributes": [],
          "identity_schema_version": 0
        }
      ]
    },
    {
      "module": "module.cognito",
      "mode": "data",
      "type": "archive_file",
      "name": "pre_sign_up_lambda",
      "provider": "provider[\"registry.terraform.io/hashicorp/archive\"]",
      "instances": [
        {
          "schema_version": 0,
          "attributes": {
            "exclude_symlink_directories": null,
            "excludes": null,
            "id": "22f01917b3874cdc1f32850cd7e27ef4712e48be",
            "output_base64sha256": "XoXi0xLIl0B5FYDeg4NidX5H4Gc3cPvaeHfMf1lxN2I=",
            "output_base64sha512": "0Zg6UMnFCx/Nf4cQ7i9N1+VyuDS5z24Lh50ew+oe+2R1pkjXImgUQ1RKwEDWo/jh1Q2XD/A2nosutWGFyDNwQw==",
            "output_file_mode": null,
            "output_md5": "b210ec204c0b9aa32b6ca15b6899f7dc",
            "output_path": "./lambda_archives/pre_sign_up_lambda.zip",
            "output_sha": "22f01917b3874cdc1f32850cd7e27ef4712e48be",
            "output_sha256": "5e85e2d312c89740791580de838362757e47e0673770fbda7877cc7f59713762",
            "output_sha512": "d1983a50c9c50b1fcd7f8710ee2f4dd7e572b834b9cf6e0b879d1ec3ea1efb6475a648d722681443544ac040d6a3f8e1d50d970ff0369e8b2eb56185c8337043",
            "output_size": 437,
            "source": [],
            "source_content": null,
            "source_content_filename": null,
            "source_dir": null,
            "source_file": "./Cognito/pre_sign_up_lambda.py",
            "type": "zip"
          },
          "sensitive_attributes": [],
          "identity_schema_version": 0
        }
      ]
    },
    {
      "module": "module.cognito",
      "mode": "data",
      "type": "archive_file",
      "name": "verify_auth_lambda",
      "provider": "provider[\"registry.terraform.io/hashicorp/archive\"]",
      "instances": [
        {
          "schema_version": 0,
          "attributes": {
            "exclude_symlink_directories": null,
            "excludes": null,
            "id": "08500e90c3eb86dc84ef6aa4036fc0a8b9b9989b",
            "output_base64sha256": "PJiunG1Ih4XQ5HY6qHywz38s1ZJS0qtwAR4f4DiMdw0=",
            "output_base64sha512": "zLQxHn0uz3o2UNZE/vVkJG/uz330NgnhBUduxqctRaU8aTvPptIxPPzDszX+E1yw5cbJDis2TLdE2hSokLcrYA==",
            "output_file_mode": null,
            "output_md5": "b6b3ac8fbdaa5f3a992b81e81f6ecd4b",
            "output_path": "./lambda_archives/verify_auth_lambda.zip",
            "output_sha": "08500e90c3eb86dc84ef6aa4036fc0a8b9b9989b",
            "output_sha256": "3c98ae9c6d488785d0e4763aa87cb0cf7f2cd59252d2ab70011e1fe0388c770d",
            "output_sha512": "ccb4311e7d2ecf7a3650d644fef564246feecf7df43609e105476ec6a72d45a53c693bcfa6d2313cfcc3b335fe135cb0e5c6c90e2b364cb744da14a890b72b60",
            "output_size": 605,
            "source": [],
            "source_content": null,
            "source_content_filename": null,
            "source_dir": null,
            "source_file": "./Cognito/verify_auth_lambda.py",
            "type": "zip"
          },
          "sensitive_attributes": [],
          "identity_schema_version": 0
        }
      ]
    },
    {
      "module": "module.cognito",
      "mode": "data",
      "type": "aws_iam_policy_document",
      "name": "lambda_assume_role",
      "provider": "provider[\"registry.terraform.io/hashicorp/aws\"]",
      "instances": [
        {
          "schema_version": 0,
          "attributes": {
            "id": "2690255455",
            "json": "{\n  \"Version\": \"2012-10-17\",\n  \"Statement\": [\n    {\n      \"Effect\": \"Allow\",\n      \"Action\": \"sts:AssumeRole\",\n      \"Principal\": {\n        \"Service\": \"lambda.amazonaws.com\"\n      }\n    }\n  ]\n}",
            "minified_json": "{\"Version\":\"2012-10-17\",\"Statement\":[{\"Effect\":\"Allow\",\"Action\":\"sts:AssumeRole\",\"Principal\":{\"Service\":\"lambda.amazonaws.com\"}}]}",
            "override_json": null,
            "override_policy_documents": null,
            "policy_id": null,
            "source_json": null,
            "source_policy_documents": null,
            "statement": [
              {
                "actions": [
                  "sts:AssumeRole"
                ],
                "condition": [],
                "effect": "Allow",
                "not_actions": [],
                "not_principals": [],
                "not_resources": [],
                "principals": [
                  {
                    "identifiers": [
                      "lambda.amazonaws.com"
                    ],
                    "type": "Service"
                  }
                ],
                "resources": [],
                "sid": ""
              }
            ],
            "version": "2012-10-17"
          },
          "sensitive_attributes": [],
          "identity_schema_version": 0
        }
      ]
    },
    {
      "module": "module.cognito",
      "mode": "data",
      "type": "aws_iam_policy_document",
      "name": "lambda_policies",
      "provider": "provider[\"registry.terraform.io/hashicorp/aws\"]",
      "instances": [
        {
          "schema_version": 0,
          "attributes": {
            "id": "4020899924",
            "json": "{\n  \"Version\": \"2012-10-17\",\n  \"Statement\": [\n    {\n      \"Effect\": \"Allow\",\n      \"Action\": [\n        \"logs:PutLogEvents\",\n        \"logs:CreateLogStream\",\n        \"logs:CreateLogGroup\"\n      ],\n      \"Resource\": \"*\"\n    },\n    {\n      \"Effect\": \"Allow\",\n      \"Action\": [\n        \"cognito-idp:UpdateUserPool\",\n        \"cognito-idp:DescribeUserPool\",\n        \"cognito-idp:AdminInitiateAuth\",\n        \"cognito-idp:AdminCreateUser\"\n      ],\n      \"Resource\": \"*\"\n    },\n    {\n      \"Effect\": \"Allow\",\n      \"Action\": [\n        \"dynamodb:PutItem\",\n        \"dynamodb:GetItem\"\n      ],\n      \"Resource\": \"arn:aws:dynamodb:us-east-1:331977065582:table/UserChallenges\"\n    }\n  ]\n}",
            "minified_json": "{\"Version\":\"2012-10-17\",\"Statement\":[{\"Effect\":\"Allow\",\"Action\":[\"logs:PutLogEvents\",\"logs:CreateLogStream\",\"logs:CreateLogGroup\"],\"Resource\":\"*\"},{\"Effect\":\"Allow\",\"Action\":[\"cognito-idp:UpdateUserPool\",\"cognito-idp:DescribeUserPool\",\"cognito-idp:AdminInitiateAuth\",\"cognito-idp:AdminCreateUser\"],\"Resource\":\"*\"},{\"Effect\":\"Allow\",\"Action\":[\"dynamodb:PutItem\",\"dynamodb:GetItem\"],\"Resource\":\"arn:aws:dynamodb:us-east-1:331977065582:table/UserChallenges\"}]}",
            "override_json": null,
            "override_policy_documents": null,
            "policy_id": null,
            "source_json": null,
            "source_policy_documents": null,
            "statement": [
              {
                "actions": [
                  "logs:CreateLogGroup",
                  "logs:CreateLogStream",
                  "logs:PutLogEvents"
                ],
                "condition": [],
                "effect": "Allow",
                "not_actions": [],
                "not_principals": [],
                "not_resources": [],
                "principals": [],
                "resources": [
                  "*"
                ],
                "sid": ""
              },
              {
                "actions": [
                  "cognito-idp:AdminCreateUser",
                  "cognito-idp:AdminInitiateAuth",
                  "cognito-idp:DescribeUserPool",
                  "cognito-idp:UpdateUserPool"
                ],
                "condition": [],
                "effect": "Allow",
                "not_actions": [],
                "not_principals": [],
                "not_resources": [],
                "principals": [],
                "resources": [
                  "*"
                ],
                "sid": ""
              },
              {
                "actions": [
                  "dynamodb:GetItem",
                  "dynamodb:PutItem"
                ],
                "condition": [],
                "effect": "Allow",
                "not_actions": [],
                "not_principals": [],
                "not_resources": [],
                "principals": [],
                "resources": [
                  "arn:aws:dynamodb:us-east-1:331977065582:table/UserChallenges"
                ],
                "sid": ""
              }
            ],
            "version": "2012-10-17"
          },
          "sensitive_attributes": [],
          "identity_schema_version": 0
        }
      ]
    },
    {
      "module": "module.cognito",
      "mode": "managed",
      "type": "aws_cognito_user_pool",
      "name": "cognito_user_pool",
      "provider": "provider[\"registry.terraform.io/hashicorp/aws\"]",
      "instances": [
        {
          "schema_version": 0,
          "attributes": {
            "account_recovery_setting": [
              {
                "recovery_mechanism": [
                  {
                    "name": "verified_email",
                    "priority": 1
                  },
                  {
                    "name": "verified_phone_number",
                    "priority": 2
                  }
                ]
              }
            ],
            "admin_create_user_config": [
              {
                "allow_admin_create_user_only": false,
                "invite_message_template": []
              }
            ],
            "alias_attributes": null,
            "arn": "arn:aws:cognito-idp:us-east-1:331977065582:userpool/us-east-1_yHel4JwOH",
            "auto_verified_attributes": [],
            "creation_date": "2025-07-20T15:58:10Z",
            "custom_domain": "",
            "deletion_protection": "INACTIVE",
            "device_configuration": [],
            "domain": "",
            "email_configuration": [
              {
                "configuration_set": "",
                "email_sending_account": "COGNITO_DEFAULT",
                "from_email_address": "",
                "reply_to_email_address": "",
                "source_arn": ""
              }
            ],
            "email_mfa_configuration": [],
            "email_verification_message": "",
            "email_verification_subject": "",
            "endpoint": "cognito-idp.us-east-1.amazonaws.com/us-east-1_yHel4JwOH",
            "estimated_number_of_users": 1,
            "id": "us-east-1_yHel4JwOH",
            "lambda_config": [
              {
                "create_auth_challenge": "arn:aws:lambda:us-east-1:331977065582:function:CreateAuthLambda",
                "custom_email_sender": [],
                "custom_message": "",
                "custom_sms_sender": [],
                "define_auth_challenge": "arn:aws:lambda:us-east-1:331977065582:function:DefineAuthLambda",
                "kms_key_id": "",
                "post_authentication": "",
                "post_confirmation": "",
                "pre_authentication": "",
                "pre_sign_up": "arn:aws:lambda:us-east-1:331977065582:function:PreSignUpLambda",
                "pre_token_generation": "",
                "pre_token_generation_config": [],
                "user_migration": "",
                "verify_auth_challenge_response": "arn:aws:lambda:us-east-1:331977065582:function:VerifyAuthLambda"
              }
            ],
            "last_modified_date": "2025-07-20T15:58:10Z",
            "mfa_configuration": "OFF",
            "name": "CognitoUserPool",
            "password_policy": [
              {
                "minimum_length": 8,
                "password_history_size": 0,
                "require_lowercase": true,
                "require_numbers": true,
                "require_symbols": true,
                "require_uppercase": true,
                "temporary_password_validity_days": 7
              }
            ],
            "region": "us-east-1",
            "schema": [],
            "sign_in_policy": [
              {
                "allowed_first_auth_factors": [
                  "PASSWORD"
                ]
              }
            ],
            "sms_authentication_message": "",
            "sms_configuration": [],
            "sms_verification_message": "",
            "software_token_mfa_configuration": [],
            "tags": {},
            "tags_all": {},
            "user_attribute_update_settings": [],
            "user_pool_add_ons": [],
            "user_pool_tier": "ESSENTIALS",
            "username_attributes": [],
            "username_configuration": [],
            "verification_message_template": [
              {
                "default_email_option": "CONFIRM_WITH_CODE",
                "email_message": "",
                "email_message_by_link": "",
                "email_subject": "",
                "email_subject_by_link": "",
                "sms_message": ""
              }
            ],
            "web_authn_configuration": []
          },
          "sensitive_attributes": [],
          "identity_schema_version": 0,
          "private": "bnVsbA==",
          "dependencies": [
            "module.cognito.aws_iam_role.lambda_exec_role",
            "module.cognito.aws_lambda_function.create_auth_lambda",
            "module.cognito.aws_lambda_function.define_auth_lambda",
            "module.cognito.aws_lambda_function.pre_sign_up_lambda",
            "module.cognito.aws_lambda_function.verify_auth_lambda",
            "module.cognito.data.archive_file.create_auth_lambda",
            "module.cognito.data.archive_file.define_auth_lambda",
            "module.cognito.data.archive_file.pre_sign_up_lambda",
            "module.cognito.data.archive_file.verify_auth_lambda",
            "module.cognito.data.aws_iam_policy_document.lambda_assume_role"
          ]
        }
      ]
    },
    {
      "module": "module.cognito",
      "mode": "managed",
      "type": "aws_cognito_user_pool_client",
      "name": "user_pool_client",
      "provider": "provider[\"registry.terraform.io/hashicorp/aws\"]",
      "instances": [
        {
          "schema_version": 0,
          "attributes": {
            "access_token_validity": 0,
            "allowed_oauth_flows": [],
            "allowed_oauth_flows_user_pool_client": false,
            "allowed_oauth_scopes": [],
            "analytics_configuration": [],
            "auth_session_validity": 3,
            "callback_urls": [],
            "client_secret": "",
            "default_redirect_uri": "",
            "enable_propagate_additional_user_context_data": false,
            "enable_token_revocation": true,
            "explicit_auth_flows": [
              "ALLOW_ADMIN_USER_PASSWORD_AUTH",
              "ALLOW_CUSTOM_AUTH"
            ],
            "generate_secret": false,
            "id": "4p13tg1ogbcvvgthqqmvhc5ibc",
            "id_token_validity": 0,
            "logout_urls": [],
            "name": "UserPoolClient",
            "prevent_user_existence_errors": "",
            "read_attributes": [],
            "refresh_token_rotation": [],
            "refresh_token_validity": 30,
            "region": "us-east-1",
            "supported_identity_providers": [],
            "token_validity_units": [],
            "user_pool_id": "us-east-1_yHel4JwOH",
            "write_attributes": []
          },
          "sensitive_attributes": [
            [
              {
                "type": "get_attr",
                "value": "client_secret"
              }
            ]
          ],
          "identity_schema_version": 0,
          "dependencies": [
            "module.cognito.aws_cognito_user_pool.cognito_user_pool",
            "module.cognito.aws_iam_role.lambda_exec_role",
            "module.cognito.aws_lambda_function.create_auth_lambda",
            "module.cognito.aws_lambda_function.define_auth_lambda",
            "module.cognito.aws_lambda_function.pre_sign_up_lambda",
            "module.cognito.aws_lambda_function.verify_auth_lambda",
            "module.cognito.data.archive_file.create_auth_lambda",
            "module.cognito.data.archive_file.define_auth_lambda",
            "module.cognito.data.archive_file.pre_sign_up_lambda",
            "module.cognito.data.archive_file.verify_auth_lambda",
            "module.cognito.data.aws_iam_policy_document.lambda_assume_role"
          ]
        }
      ]
    },
    {
      "module": "module.cognito",
      "mode": "managed",
      "type": "aws_dynamodb_table",
      "name": "challenge_table",
      "provider": "provider[\"registry.terraform.io/hashicorp/aws\"]",
      "instances": [
        {
          "schema_version": 1,
          "attributes": {
            "arn": "arn:aws:dynamodb:us-east-1:331977065582:table/UserChallenges",
            "attribute": [
              {
                "name": "userId",
                "type": "S"
              }
            ],
            "billing_mode": "PAY_PER_REQUEST",
            "deletion_protection_enabled": false,
            "global_secondary_index": [],
            "hash_key": "userId",
            "id": "UserChallenges",
            "import_table": [],
            "local_secondary_index": [],
            "name": "UserChallenges",
            "on_demand_throughput": [],
            "point_in_time_recovery": [
              {
                "enabled": false,
                "recovery_period_in_days": 0
              }
            ],
            "range_key": null,
            "read_capacity": 0,
            "region": "us-east-1",
            "replica": [],
            "restore_date_time": null,
            "restore_source_name": null,
            "restore_source_table_arn": null,
            "restore_to_latest_time": null,
            "server_side_encryption": [],
            "stream_arn": "",
            "stream_enabled": false,
            "stream_label": "",
            "stream_view_type": "",
            "table_class": "STANDARD",
            "tags": {},
            "tags_all": {},
            "timeouts": null,
            "ttl": [
              {
                "attribute_name": "",
                "enabled": false
              }
            ],
            "write_capacity": 0
          },
          "sensitive_attributes": [],
          "identity_schema_version": 0,
          "private": "eyJlMmJmYjczMC1lY2FhLTExZTYtOGY4OC0zNDM2M2JjN2M0YzAiOnsiY3JlYXRlIjoxODAwMDAwMDAwMDAwLCJkZWxldGUiOjYwMDAwMDAwMDAwMCwidXBkYXRlIjozNjAwMDAwMDAwMDAwfSwic2NoZW1hX3ZlcnNpb24iOiIxIn0="
        }
      ]
    },
    {
      "module": "module.cognito",
      "mode": "managed",
      "type": "aws_iam_policy",
      "name": "lambda_cognito_policy",
      "provider": "provider[\"registry.terraform.io/hashicorp/aws\"]",
      "instances": [
        {
          "schema_version": 0,
          "attributes": {
            "arn": "arn:aws:iam::331977065582:policy/LambdaCognitoPolicy",
            "attachment_count": 1,
            "description": "",
            "id": "arn:aws:iam::331977065582:policy/LambdaCognitoPolicy",
            "name": "LambdaCognitoPolicy",
            "name_prefix": "",
            "path": "/",
            "policy": "{\"Statement\":[{\"Action\":[\"logs:PutLogEvents\",\"logs:CreateLogStream\",\"logs:CreateLogGroup\"],\"Effect\":\"Allow\",\"Resource\":\"*\"},{\"Action\":[\"cognito-idp:UpdateUserPool\",\"cognito-idp:DescribeUserPool\",\"cognito-idp:AdminInitiateAuth\",\"cognito-idp:AdminCreateUser\"],\"Effect\":\"Allow\",\"Resource\":\"*\"},{\"Action\":[\"dynamodb:PutItem\",\"dynamodb:GetItem\"],\"Effect\":\"Allow\",\"Resource\":\"arn:aws:dynamodb:us-east-1:331977065582:table/UserChallenges\"}],\"Version\":\"2012-10-17\"}",
            "policy_id": "ANPAU2S3AARXHGY3VBUML",
            "tags": {},
            "tags_all": {}
          },
          "sensitive_attributes": [],
          "identity_schema_version": 0,
          "private": "bnVsbA==",
          "dependencies": [
            "module.cognito.aws_dynamodb_table.challenge_table",
            "module.cognito.data.aws_iam_policy_document.lambda_policies"
          ]
        }
      ]
    },
    {
      "module": "module.cognito",
      "mode": "managed",
      "type": "aws_iam_role",
      "name": "lambda_exec_role",
      "provider": "provider[\"registry.terraform.io/hashicorp/aws\"]",
      "instances": [
        {
          "schema_version": 0,
          "attributes": {
            "arn": "arn:aws:iam::331977065582:role/LambdaExecRole",
            "assume_role_policy": "{\"Statement\":[{\"Action\":\"sts:AssumeRole\",\"Effect\":\"Allow\",\"Principal\":{\"Service\":\"lambda.amazonaws.com\"}}],\"Version\":\"2012-10-17\"}",
            "create_date": "2025-07-20T15:57:38Z",
            "description": "",
            "force_detach_policies": false,
            "id": "LambdaExecRole",
            "inline_policy": [],
            "managed_policy_arns": [
              "arn:aws:iam::331977065582:policy/LambdaCognitoPolicy"
            ],
            "max_session_duration": 3600,
            "name": "LambdaExecRole",
            "name_prefix": "",
            "path": "/",
            "permissions_boundary": "",
            "tags": {},
            "tags_all": {},
            "unique_id": "AROAU2S3AARXBM64OSKXJ"
          },
          "sensitive_attributes": [],
          "identity_schema_version": 0,
          "identity": {
            "account_id": "331977065582",
            "name": "LambdaExecRole"
          },
          "private": "bnVsbA==",
          "dependencies": [
            "module.cognito.data.aws_iam_policy_document.lambda_assume_role"
          ]
        }
      ]
    },
    {
      "module": "module.cognito",
      "mode": "managed",
      "type": "aws_iam_role_policy_attachment",
      "name": "lambda_role_policy_attachment",
      "provider": "provider[\"registry.terraform.io/hashicorp/aws\"]",
      "instances": [
        {
          "schema_version": 0,
          "attributes": {
            "id": "LambdaExecRole/arn:aws:iam::331977065582:policy/LambdaCognitoPolicy",
            "policy_arn": "arn:aws:iam::331977065582:policy/LambdaCognitoPolicy",
            "role": "LambdaExecRole"
          },
          "sensitive_attributes": [],
          "identity_schema_version": 0,
          "identity": {
            "account_id": "331977065582",
            "policy_arn": "arn:aws:iam::331977065582:policy/LambdaCognitoPolicy",
            "role": "LambdaExecRole"
          },
          "private": "bnVsbA==",
          "dependencies": [
            "module.cognito.aws_dynamodb_table.challenge_table",
            "module.cognito.aws_iam_policy.lambda_cognito_policy",
            "module.cognito.aws_iam_role.lambda_exec_role",
            "module.cognito.data.aws_iam_policy_document.lambda_assume_role",
            "module.cognito.data.aws_iam_policy_document.lambda_policies"
          ]
        }
      ]
    },
    {
      "module": "module.cognito",
      "mode": "managed",
      "type": "aws_lambda_function",
      "name": "create_auth_lambda",
      "provider": "provider[\"registry.terraform.io/hashicorp/aws\"]",
      "instances": [
        {
          "schema_version": 0,
          "attributes": {
            "architectures": [
              "x86_64"
            ],
            "arn": "arn:aws:lambda:us-east-1:331977065582:function:CreateAuthLambda",
            "code_sha256": "lJm+IpidOM0LfnPbYfyKewyg4SdfuVeGffWUxj30W3U=",
            "code_signing_config_arn": "",
            "dead_letter_config": [],
            "description": "",
            "environment": [],
            "ephemeral_storage": [
              {
                "size": 512
              }
            ],
            "file_system_config": [],
            "filename": "./lambda_archives/create_auth_lambda.zip",
            "function_name": "CreateAuthLambda",
            "handler": "create_auth_lambda.lambda_handler",
            "id": "CreateAuthLambda",
            "image_config": [],
            "image_uri": "",
            "invoke_arn": "arn:aws:apigateway:us-east-1:lambda:path/2015-03-31/functions/arn:aws:lambda:us-east-1:331977065582:function:CreateAuthLambda/invocations",
            "kms_key_arn": "",
            "last_modified": "2025-07-20T15:58:04.366+0000",
            "layers": [],
            "logging_config": [
              {
                "application_log_level": "",
                "log_format": "Text",
                "log_group": "/aws/lambda/CreateAuthLambda",
                "system_log_level": ""
              }
            ],
            "memory_size": 128,
            "package_type": "Zip",
            "publish": false,
            "qualified_arn": "arn:aws:lambda:us-east-1:331977065582:function:CreateAuthLambda:$LATEST",
            "qualified_invoke_arn": "arn:aws:apigateway:us-east-1:lambda:path/2015-03-31/functions/arn:aws:lambda:us-east-1:331977065582:function:CreateAuthLambda:$LATEST/invocations",
            "region": "us-east-1",
            "replace_security_groups_on_destroy": null,
            "replacement_security_group_ids": null,
            "reserved_concurrent_executions": -1,
            "role": "arn:aws:iam::331977065582:role/LambdaExecRole",
            "runtime": "python3.11",
            "s3_bucket": null,
            "s3_key": null,
            "s3_object_version": null,
            "signing_job_arn": "",
            "signing_profile_version_arn": "",
            "skip_destroy": false,
            "snap_start": [],
            "source_code_hash": "lJm+IpidOM0LfnPbYfyKewyg4SdfuVeGffWUxj30W3U=",
            "source_code_size": 738,
            "tags": {},
            "tags_all": {},
            "timeout": 3,
            "timeouts": null,
            "tracing_config": [
              {
                "mode": "PassThrough"
              }
            ],
            "version": "$LATEST",
            "vpc_config": []
          },
          "sensitive_attributes": [],
          "identity_schema_version": 0,
          "private": "eyJlMmJmYjczMC1lY2FhLTExZTYtOGY4OC0zNDM2M2JjN2M0YzAiOnsiY3JlYXRlIjo2MDAwMDAwMDAwMDAsImRlbGV0ZSI6NjAwMDAwMDAwMDAwLCJ1cGRhdGUiOjYwMDAwMDAwMDAwMH19",
          "dependencies": [
            "module.cognito.aws_iam_role.lambda_exec_role",
            "module.cognito.data.archive_file.create_auth_lambda",
            "module.cognito.data.aws_iam_policy_document.lambda_assume_role"
          ]
        }
      ]
    },
    {
      "module": "module.cognito",
      "mode": "managed",
      "type": "aws_lambda_function",
      "name": "define_auth_lambda",
      "provider": "provider[\"registry.terraform.io/hashicorp/aws\"]",
      "instances": [
        {
          "schema_version": 0,
          "attributes": {
            "architectures": [
              "x86_64"
            ],
            "arn": "arn:aws:lambda:us-east-1:331977065582:function:DefineAuthLambda",
            "code_sha256": "w8GJE4Kn8GcZCV0WAiW7GicW0eZEKh0d6XHB+6lFZag=",
            "code_signing_config_arn": "",
            "dead_letter_config": [],
            "description": "",
            "environment": [],
            "ephemeral_storage": [
              {
                "size": 512
              }
            ],
            "file_system_config": [],
            "filename": "./lambda_archives/define_auth_lambda.zip",
            "function_name": "DefineAuthLambda",
            "handler": "define_auth_lambda.lambda_handler",
            "id": "DefineAuthLambda",
            "image_config": [],
            "image_uri": "",
            "invoke_arn": "arn:aws:apigateway:us-east-1:lambda:path/2015-03-31/functions/arn:aws:lambda:us-east-1:331977065582:function:DefineAuthLambda/invocations",
            "kms_key_arn": "",
            "last_modified": "2025-07-20T15:57:52.910+0000",
            "layers": [],
            "logging_config": [
              {
                "application_log_level": "",
                "log_format": "Text",
                "log_group": "/aws/lambda/DefineAuthLambda",
                "system_log_level": ""
              }
            ],
            "memory_size": 128,
            "package_type": "Zip",
            "publish": false,
            "qualified_arn": "arn:aws:lambda:us-east-1:331977065582:function:DefineAuthLambda:$LATEST",
            "qualified_invoke_arn": "arn:aws:apigateway:us-east-1:lambda:path/2015-03-31/functions/arn:aws:lambda:us-east-1:331977065582:function:DefineAuthLambda:$LATEST/invocations",
            "region": "us-east-1",
            "replace_security_groups_on_destroy": null,
            "replacement_security_group_ids": null,
            "reserved_concurrent_executions": -1,
            "role": "arn:aws:iam::331977065582:role/LambdaExecRole",
            "runtime": "python3.11",
            "s3_bucket": null,
            "s3_key": null,
            "s3_object_version": null,
            "signing_job_arn": "",
            "signing_profile_version_arn": "",
            "skip_destroy": false,
            "snap_start": [],
            "source_code_hash": "w8GJE4Kn8GcZCV0WAiW7GicW0eZEKh0d6XHB+6lFZag=",
            "source_code_size": 374,
            "tags": {},
            "tags_all": {},
            "timeout": 3,
            "timeouts": null,
            "tracing_config": [
              {
                "mode": "PassThrough"
              }
            ],
            "version": "$LATEST",
            "vpc_config": []
          },
          "sensitive_attributes": [],
          "identity_schema_version": 0,
          "private": "eyJlMmJmYjczMC1lY2FhLTExZTYtOGY4OC0zNDM2M2JjN2M0YzAiOnsiY3JlYXRlIjo2MDAwMDAwMDAwMDAsImRlbGV0ZSI6NjAwMDAwMDAwMDAwLCJ1cGRhdGUiOjYwMDAwMDAwMDAwMH19",
          "dependencies": [
            "module.cognito.aws_iam_role.lambda_exec_role",
            "module.cognito.data.archive_file.define_auth_lambda",
            "module.cognito.data.aws_iam_policy_document.lambda_assume_role"
          ]
        }
      ]
    },
    {
      "module": "module.cognito",
      "mode": "managed",
      "type": "aws_lambda_function",
      "name": "pre_sign_up_lambda",
      "provider": "provider[\"registry.terraform.io/hashicorp/aws\"]",
      "instances": [
        {
          "schema_version": 0,
          "attributes": {
            "architectures": [
              "x86_64"
            ],
            "arn": "arn:aws:lambda:us-east-1:331977065582:function:PreSignUpLambda",
            "code_sha256": "XoXi0xLIl0B5FYDeg4NidX5H4Gc3cPvaeHfMf1lxN2I=",
            "code_signing_config_arn": "",
            "dead_letter_config": [],
            "description": "",
            "environment": [],
            "ephemeral_storage": [
              {
                "size": 512
              }
            ],
            "file_system_config": [],
            "filename": "./lambda_archives/pre_sign_up_lambda.zip",
            "function_name": "PreSignUpLambda",
            "handler": "pre_sign_up_lambda.lambda_handler",
            "id": "PreSignUpLambda",
            "image_config": [],
            "image_uri": "",
            "invoke_arn": "arn:aws:apigateway:us-east-1:lambda:path/2015-03-31/functions/arn:aws:lambda:us-east-1:331977065582:function:PreSignUpLambda/invocations",
            "kms_key_arn": "",
            "last_modified": "2025-07-20T15:57:47.101+0000",
            "layers": [],
            "logging_config": [
              {
                "application_log_level": "",
                "log_format": "Text",
                "log_group": "/aws/lambda/PreSignUpLambda",
                "system_log_level": ""
              }
            ],
            "memory_size": 128,
            "package_type": "Zip",
            "publish": false,
            "qualified_arn": "arn:aws:lambda:us-east-1:331977065582:function:PreSignUpLambda:$LATEST",
            "qualified_invoke_arn": "arn:aws:apigateway:us-east-1:lambda:path/2015-03-31/functions/arn:aws:lambda:us-east-1:331977065582:function:PreSignUpLambda:$LATEST/invocations",
            "region": "us-east-1",
            "replace_security_groups_on_destroy": null,
            "replacement_security_group_ids": null,
            "reserved_concurrent_executions": -1,
            "role": "arn:aws:iam::331977065582:role/LambdaExecRole",
            "runtime": "python3.11",
            "s3_bucket": null,
            "s3_key": null,
            "s3_object_version": null,
            "signing_job_arn": "",
            "signing_profile_version_arn": "",
            "skip_destroy": false,
            "snap_start": [],
            "source_code_hash": "XoXi0xLIl0B5FYDeg4NidX5H4Gc3cPvaeHfMf1lxN2I=",
            "source_code_size": 437,
            "tags": {},
            "tags_all": {},
            "timeout": 3,
            "timeouts": null,
            "tracing_config": [
              {
                "mode": "PassThrough"
              }
            ],
            "version": "$LATEST",
            "vpc_config": []
          },
          "sensitive_attributes": [],
          "identity_schema_version": 0,
          "private": "eyJlMmJmYjczMC1lY2FhLTExZTYtOGY4OC0zNDM2M2JjN2M0YzAiOnsiY3JlYXRlIjo2MDAwMDAwMDAwMDAsImRlbGV0ZSI6NjAwMDAwMDAwMDAwLCJ1cGRhdGUiOjYwMDAwMDAwMDAwMH19",
          "dependencies": [
            "module.cognito.aws_iam_role.lambda_exec_role",
            "module.cognito.data.archive_file.pre_sign_up_lambda",
            "module.cognito.data.aws_iam_policy_document.lambda_assume_role"
          ]
        }
      ]
    },
    {
      "module": "module.cognito",
      "mode": "managed",
      "type": "aws_lambda_function",
      "name": "verify_auth_lambda",
      "provider": "provider[\"registry.terraform.io/hashicorp/aws\"]",
      "instances": [
        {
          "schema_version": 0,
          "attributes": {
            "architectures": [
              "x86_64"
            ],
            "arn": "arn:aws:lambda:us-east-1:331977065582:function:VerifyAuthLambda",
            "code_sha256": "PJiunG1Ih4XQ5HY6qHywz38s1ZJS0qtwAR4f4DiMdw0=",
            "code_signing_config_arn": "",
            "dead_letter_config": [],
            "description": "",
            "environment": [],
            "ephemeral_storage": [
              {
                "size": 512
              }
            ],
            "file_system_config": [],
            "filename": "./lambda_archives/verify_auth_lambda.zip",
            "function_name": "VerifyAuthLambda",
            "handler": "verify_auth_lambda.lambda_handler",
            "id": "VerifyAuthLambda",
            "image_config": [],
            "image_uri": "",
            "invoke_arn": "arn:aws:apigateway:us-east-1:lambda:path/2015-03-31/functions/arn:aws:lambda:us-east-1:331977065582:function:VerifyAuthLambda/invocations",
            "kms_key_arn": "",
            "last_modified": "2025-07-20T15:57:58.629+0000",
            "layers": [],
            "logging_config": [
              {
                "application_log_level": "",
                "log_format": "Text",
                "log_group": "/aws/lambda/VerifyAuthLambda",
                "system_log_level": ""
              }
            ],
            "memory_size": 128,
            "package_type": "Zip",
            "publish": false,
            "qualified_arn": "arn:aws:lambda:us-east-1:331977065582:function:VerifyAuthLambda:$LATEST",
            "qualified_invoke_arn": "arn:aws:apigateway:us-east-1:lambda:path/2015-03-31/functions/arn:aws:lambda:us-east-1:331977065582:function:VerifyAuthLambda:$LATEST/invocations",
            "region": "us-east-1",
            "replace_security_groups_on_destroy": null,
            "replacement_security_group_ids": null,
            "reserved_concurrent_executions": -1,
            "role": "arn:aws:iam::331977065582:role/LambdaExecRole",
            "runtime": "python3.11",
            "s3_bucket": null,
            "s3_key": null,
            "s3_object_version": null,
            "signing_job_arn": "",
            "signing_profile_version_arn": "",
            "skip_destroy": false,
            "snap_start": [],
            "source_code_hash": "PJiunG1Ih4XQ5HY6qHywz38s1ZJS0qtwAR4f4DiMdw0=",
            "source_code_size": 605,
            "tags": {},
            "tags_all": {},
            "timeout": 3,
            "timeouts": null,
            "tracing_config": [
              {
                "mode": "PassThrough"
              }
            ],
            "version": "$LATEST",
            "vpc_config": []
          },
          "sensitive_attributes": [],
          "identity_schema_version": 0,
          "private": "eyJlMmJmYjczMC1lY2FhLTExZTYtOGY4OC0zNDM2M2JjN2M0YzAiOnsiY3JlYXRlIjo2MDAwMDAwMDAwMDAsImRlbGV0ZSI6NjAwMDAwMDAwMDAwLCJ1cGRhdGUiOjYwMDAwMDAwMDAwMH19",
          "dependencies": [
            "module.cognito.aws_iam_role.lambda_exec_role",
            "module.cognito.data.archive_file.verify_auth_lambda",
            "module.cognito.data.aws_iam_policy_document.lambda_assume_role"
          ]
        }
      ]
    },
    {
      "module": "module.cognito",
      "mode": "managed",
      "type": "aws_lambda_permission",
      "name": "create_auth_permission",
      "provider": "provider[\"registry.terraform.io/hashicorp/aws\"]",
      "instances": [
        {
          "schema_version": 0,
          "attributes": {
            "action": "lambda:InvokeFunction",
            "event_source_token": null,
            "function_name": "arn:aws:lambda:us-east-1:331977065582:function:CreateAuthLambda",
            "function_url_auth_type": null,
            "id": "terraform-20250720155811525400000004",
            "principal": "cognito-idp.amazonaws.com",
            "principal_org_id": null,
            "qualifier": "",
            "region": "us-east-1",
            "source_account": null,
            "source_arn": "arn:aws:cognito-idp:us-east-1:331977065582:userpool/us-east-1_yHel4JwOH",
            "statement_id": "terraform-20250720155811525400000004",
            "statement_id_prefix": "terraform-"
          },
          "sensitive_attributes": [],
          "identity_schema_version": 0,
          "private": "bnVsbA==",
          "dependencies": [
            "module.cognito.aws_cognito_user_pool.cognito_user_pool",
            "module.cognito.aws_iam_role.lambda_exec_role",
            "module.cognito.aws_lambda_function.create_auth_lambda",
            "module.cognito.aws_lambda_function.define_auth_lambda",
            "module.cognito.aws_lambda_function.pre_sign_up_lambda",
            "module.cognito.aws_lambda_function.verify_auth_lambda",
            "module.cognito.data.archive_file.create_auth_lambda",
            "module.cognito.data.archive_file.define_auth_lambda",
            "module.cognito.data.archive_file.pre_sign_up_lambda",
            "module.cognito.data.archive_file.verify_auth_lambda",
            "module.cognito.data.aws_iam_policy_document.lambda_assume_role"
          ]
        }
      ]
    },
    {
      "module": "module.cognito",
      "mode": "managed",
      "type": "aws_lambda_permission",
      "name": "define_auth_permission",
      "provider": "provider[\"registry.terraform.io/hashicorp/aws\"]",
      "instances": [
        {
          "schema_version": 0,
          "attributes": {
            "action": "lambda:InvokeFunction",
            "event_source_token": null,
            "function_name": "arn:aws:lambda:us-east-1:331977065582:function:DefineAuthLambda",
            "function_url_auth_type": null,
            "id": "terraform-20250720155811525100000002",
            "principal": "cognito-idp.amazonaws.com",
            "principal_org_id": null,
            "qualifier": "",
            "region": "us-east-1",
            "source_account": null,
            "source_arn": "arn:aws:cognito-idp:us-east-1:331977065582:userpool/us-east-1_yHel4JwOH",
            "statement_id": "terraform-20250720155811525100000002",
            "statement_id_prefix": "terraform-"
          },
          "sensitive_attributes": [],
          "identity_schema_version": 0,
          "private": "bnVsbA==",
          "dependencies": [
            "module.cognito.aws_cognito_user_pool.cognito_user_pool",
            "module.cognito.aws_iam_role.lambda_exec_role",
            "module.cognito.aws_lambda_function.create_auth_lambda",
            "module.cognito.aws_lambda_function.define_auth_lambda",
            "module.cognito.aws_lambda_function.pre_sign_up_lambda",
            "module.cognito.aws_lambda_function.verify_auth_lambda",
            "module.cognito.data.archive_file.create_auth_lambda",
            "module.cognito.data.archive_file.define_auth_lambda",
            "module.cognito.data.archive_file.pre_sign_up_lambda",
            "module.cognito.data.archive_file.verify_auth_lambda",
            "module.cognito.data.aws_iam_policy_document.lambda_assume_role"
          ]
        }
      ]
    },
    {
      "module": "module.cognito",
      "mode": "managed",
      "type": "aws_lambda_permission",
      "name": "pre_sign_up_permission",
      "provider": "provider[\"registry.terraform.io/hashicorp/aws\"]",
      "instances": [
        {
          "schema_version": 0,
          "attributes": {
            "action": "lambda:InvokeFunction",
            "event_source_token": null,
            "function_name": "arn:aws:lambda:us-east-1:331977065582:function:PreSignUpLambda",
            "function_url_auth_type": null,
            "id": "terraform-20250720155811525100000001",
            "principal": "cognito-idp.amazonaws.com",
            "principal_org_id": null,
            "qualifier": "",
            "region": "us-east-1",
            "source_account": null,
            "source_arn": "arn:aws:cognito-idp:us-east-1:331977065582:userpool/us-east-1_yHel4JwOH",
            "statement_id": "terraform-20250720155811525100000001",
            "statement_id_prefix": "terraform-"
          },
          "sensitive_attributes": [],
          "identity_schema_version": 0,
          "private": "bnVsbA==",
          "dependencies": [
            "module.cognito.aws_cognito_user_pool.cognito_user_pool",
            "module.cognito.aws_iam_role.lambda_exec_role",
            "module.cognito.aws_lambda_function.create_auth_lambda",
            "module.cognito.aws_lambda_function.define_auth_lambda",
            "module.cognito.aws_lambda_function.pre_sign_up_lambda",
            "module.cognito.aws_lambda_function.verify_auth_lambda",
            "module.cognito.data.archive_file.create_auth_lambda",
            "module.cognito.data.archive_file.define_auth_lambda",
            "module.cognito.data.archive_file.pre_sign_up_lambda",
            "module.cognito.data.archive_file.verify_auth_lambda",
            "module.cognito.data.aws_iam_policy_document.lambda_assume_role"
          ]
        }
      ]
    },
    {
      "module": "module.cognito",
      "mode": "managed",
      "type": "aws_lambda_permission",
      "name": "verify_auth_permission",
      "provider": "provider[\"registry.terraform.io/hashicorp/aws\"]",
      "instances": [
        {
          "schema_version": 0,
          "attributes": {
            "action": "lambda:InvokeFunction",
            "event_source_token": null,
            "function_name": "arn:aws:lambda:us-east-1:331977065582:function:VerifyAuthLambda",
            "function_url_auth_type": null,
            "id": "terraform-20250720155811525100000003",
            "principal": "cognito-idp.amazonaws.com",
            "principal_org_id": null,
            "qualifier": "",
            "region": "us-east-1",
            "source_account": null,
            "source_arn": "arn:aws:cognito-idp:us-east-1:331977065582:userpool/us-east-1_yHel4JwOH",
            "statement_id": "terraform-20250720155811525100000003",
            "statement_id_prefix": "terraform-"
          },
          "sensitive_attributes": [],
          "identity_schema_version": 0,
          "private": "bnVsbA==",
          "dependencies": [
            "module.cognito.aws_cognito_user_pool.cognito_user_pool",
            "module.cognito.aws_iam_role.lambda_exec_role",
            "module.cognito.aws_lambda_function.create_auth_lambda",
            "module.cognito.aws_lambda_function.define_auth_lambda",
            "module.cognito.aws_lambda_function.pre_sign_up_lambda",
            "module.cognito.aws_lambda_function.verify_auth_lambda",
            "module.cognito.data.archive_file.create_auth_lambda",
            "module.cognito.data.archive_file.define_auth_lambda",
            "module.cognito.data.archive_file.pre_sign_up_lambda",
            "module.cognito.data.archive_file.verify_auth_lambda",
            "module.cognito.data.aws_iam_policy_document.lambda_assume_role"
          ]
        }
      ]
    }
  ],
  "check_results": null
}
